
Microsoft Visual Studio Solution File, Format Version 12.00
# Visual Studio 15
VisualStudioVersion = 15.0.28307.1705
MinimumVisualStudioVersion = 10.0.40219.1
Project("{FAE04EC0-301F-11D3-BF4B-00C04F79EFBC}") = "Com_AdminCutdoc", "Com_AdminCutdoc\Com_AdminCutdoc.csproj", "{2E2E3711-7ADD-4711-B329-F20B0332E580}"
EndProject
Global
	GlobalSection(SolutionConfigurationPlatforms) = preSolution
		Debug|Any CPU = Debug|Any CPU
		Release|Any CPU = Release|Any CPU
	EndGlobalSection
	GlobalSection(ProjectConfigurationPlatforms) = postSolution
		{2E2E3711-7ADD-4711-B329-F20B0332E580}.Debug|Any CPU.ActiveCfg = Debug|Any CPU
		{2E2E3711-7ADD-4711-B329-F20B0332E580}.Debug|Any CPU.Build.0 = Debug|Any CPU
		{2E2E3711-7ADD-4711-B329-F20B0332E580}.Release|Any CPU.ActiveCfg = Release|Any CPU
		{2E2E3711-7ADD-4711-B329-F20B0332E580}.Release|Any CPU.Build.0 = Release|Any CPU
	EndGlobalSection
	GlobalSection(SolutionProperties) = preSolution
		HideSolutionNode = FALSE
	EndGlobalSection
	GlobalSection(ExtensibilityGlobals) = postSolution
		SolutionGuid = {C752E302-5145-45D4-A899-CEB312B7D848}
	EndGlobalSection
EndGlobal
